// !$*UTF8*$!
{
	archiveVersion = 1;
	classes = {
	};
	objectVersion = 46;
	objects = {

/* Begin PBXBuildFile section */
		2B734197B4B13A53B5111C9F /* libPods-PGNumberKeyboard.a in Frameworks */ = {isa = PBXBuildFile; fileRef = 86FAA5EEF930950B9ED3D6FB /* libPods-PGNumberKeyboard.a */; };
		86B80BB01F06429200D819F3 /* main.m in Sources */ = {isa = PBXBuildFile; fileRef = 86B80BAF1F06429200D819F3 /* main.m */; };
		86B80BB31F06429200D819F3 /* AppDelegate.m in Sources */ = {isa = PBXBuildFile; fileRef = 86B80BB21F06429200D819F3 /* AppDelegate.m */; };
		86B80BB61F06429200D819F3 /* ViewController.m in Sources */ = {isa = PBXBuildFile; fileRef = 86B80BB51F06429200D819F3 /* ViewController.m */; };
		86B80BB91F06429200D819F3 /* Main.storyboard in Resources */ = {isa = PBXBuildFile; fileRef = 86B80BB71F06429200D819F3 /* Main.storyboard */; };
		86B80BBB1F06429200D819F3 /* Assets.xcassets in Resources */ = {isa = PBXBuildFile; fileRef = 86B80BBA1F06429200D819F3 /* Assets.xcassets */; };
		86B80BBE1F06429200D819F3 /* LaunchScreen.storyboard in Resources */ = {isa = PBXBuildFile; fileRef = 86B80BBC1F06429200D819F3 /* LaunchScreen.storyboard */; };
		86B80BF51F06434200D819F3 /* UIColor+Random.m in Sources */ = {isa = PBXBuildFile; fileRef = 86B80BF41F06434200D819F3 /* UIColor+Random.m */; };
/* End PBXBuildFile section */

/* Begin PBXFileReference section */
		398795BA12A21D50D5049851 /* Pods-PGNumberKeyboard.debug.xcconfig */ = {isa = PBXFileReference; includeInIndex = 1; lastKnownFileType = text.xcconfig; name = "Pods-PGNumberKeyboard.debug.xcconfig"; path = "Pods/Target Support Files/Pods-PGNumberKeyboard/Pods-PGNumberKeyboard.debug.xcconfig"; sourceTree = "<group>"; };
		86B80BAB1F06429200D819F3 /* PGNumberKeyboard.app */ = {isa = PBXFileReference; explicitFileType = wrapper.application; includeInIndex = 0; path = PGNumberKeyboard.app; sourceTree = BUILT_PRODUCTS_DIR; };
		86B80BAF1F06429200D819F3 /* main.m */ = {isa = PBXFileReference; lastKnownFileType = sourcecode.c.objc; path = main.m; sourceTree = "<group>"; };
		86B80BB11F06429200D819F3 /* AppDelegate.h */ = {isa = PBXFileReference; lastKnownFileType = sourcecode.c.h; path = AppDelegate.h; sourceTree = "<group>"; };
		86B80BB21F06429200D819F3 /* AppDelegate.m */ = {isa = PBXFileReference; lastKnownFileType = sourcecode.c.objc; path = AppDelegate.m; sourceTree = "<group>"; };
		86B80BB41F06429200D819F3 /* ViewController.h */ = {isa = PBXFileReference; lastKnownFileType = sourcecode.c.h; path = ViewController.h; sourceTree = "<group>"; };
		86B80BB51F06429200D819F3 /* ViewController.m */ = {isa = PBXFileReference; lastKnownFileType = sourcecode.c.objc; path = ViewController.m; sourceTree = "<group>"; };
		86B80BB81F06429200D819F3 /* Base */ = {isa = PBXFileReference; lastKnownFileType = file.storyboard; name = Base; path = Base.lproj/Main.storyboard; sourceTree = "<group>"; };
		86B80BBA1F06429200D819F3 /* Assets.xcassets */ = {isa = PBXFileReference; lastKnownFileType = folder.assetcatalog; path = Assets.xcassets; sourceTree = "<group>"; };
		86B80BBD1F06429200D819F3 /* Base */ = {isa = PBXFileReference; lastKnownFileType = file.storyboard; name = Base; path = Base.lproj/LaunchScreen.storyboard; sourceTree = "<group>"; };
		86B80BBF1F06429200D819F3 /* Info.plist */ = {isa = PBXFileReference; lastKnownFileType = text.plist.xml; path = Info.plist; sourceTree = "<group>"; };
		86B80BF31F06434200D819F3 /* UIColor+Random.h */ = {isa = PBXFileReference; fileEncoding = 4; lastKnownFileType = sourcecode.c.h; path = "UIColor+Random.h"; sourceTree = "<group>"; };
		86B80BF41F06434200D819F3 /* UIColor+Random.m */ = {isa = PBXFileReference; fileEncoding = 4; lastKnownFileType = sourcecode.c.objc; path = "UIColor+Random.m"; sourceTree = "<group>"; };
		86FAA5EEF930950B9ED3D6FB /* libPods-PGNumberKeyboard.a */ = {isa = PBXFileReference; explicitFileType = archive.ar; includeInIndex = 0; path = "libPods-PGNumberKeyboard.a"; sourceTree = BUILT_PRODUCTS_DIR; };
		EC96BD18EAAA7A91AA31C6F7 /* Pods-PGNumberKeyboard.release.xcconfig */ = {isa = PBXFileReference; includeInIndex = 1; lastKnownFileType = text.xcconfig; name = "Pods-PGNumberKeyboard.release.xcconfig"; path = "Pods/Target Support Files/Pods-PGNumberKeyboard/Pods-PGNumberKeyboard.release.xcconfig"; sourceTree = "<group>"; };
/* End PBXFileReference section */

/* Begin PBXFrameworksBuildPhase section */
		86B80BA81F06429200D819F3 /* Frameworks */ = {
			isa = PBXFrameworksBuildPhase;
			buildActionMask = 2147483647;
			files = (
				2B734197B4B13A53B5111C9F /* libPods-PGNumberKeyboard.a in Frameworks */,
			);
			runOnlyForDeploymentPostprocessing = 0;
		};
/* End PBXFrameworksBuildPhase section */

/* Begin PBXGroup section */
		86B80BA21F06429200D819F3 = {
			isa = PBXGroup;
			children = (
				86B80BAD1F06429200D819F3 /* PGNumberKeyboard */,
				86B80BAC1F06429200D819F3 /* Products */,
				E7AAA1AAA4707EEDF5F8D422 /* Pods */,
				B190FE0C982300D003A69C75 /* Frameworks */,
			);
			sourceTree = "<group>";
		};
		86B80BAC1F06429200D819F3 /* Products */ = {
			isa = PBXGroup;
			children = (
				86B80BAB1F06429200D819F3 /* PGNumberKeyboard.app */,
			);
			name = Products;
			sourceTree = "<group>";
		};
		86B80BAD1F06429200D819F3 /* PGNumberKeyboard */ = {
			isa = PBXGroup;
			children = (
				86B80BB11F06429200D819F3 /* AppDelegate.h */,
				86B80BB21F06429200D819F3 /* AppDelegate.m */,
				86B80BB41F06429200D819F3 /* ViewController.h */,
				86B80BB51F06429200D819F3 /* ViewController.m */,
				86B80BB71F06429200D819F3 /* Main.storyboard */,
				86B80BBA1F06429200D819F3 /* Assets.xcassets */,
				86B80BBC1F06429200D819F3 /* LaunchScreen.storyboard */,
				86B80BBF1F06429200D819F3 /* Info.plist */,
				86B80BAE1F06429200D819F3 /* Supporting Files */,
				86B80BF31F06434200D819F3 /* UIColor+Random.h */,
				86B80BF41F06434200D819F3 /* UIColor+Random.m */,
			);
			path = PGNumberKeyboard;
			sourceTree = "<group>";
		};
		86B80BAE1F06429200D819F3 /* Supporting Files */ = {
			isa = PBXGroup;
			children = (
				86B80BAF1F06429200D819F3 /* main.m */,
			);
			name = "Supporting Files";
			sourceTree = "<group>";
		};
		B190FE0C982300D003A69C75 /* Frameworks */ = {
			isa = PBXGroup;
			children = (
				86FAA5EEF930950B9ED3D6FB /* libPods-PGNumberKeyboard.a */,
			);
			name = Frameworks;
			sourceTree = "<group>";
		};
		E7AAA1AAA4707EEDF5F8D422 /* Pods */ = {
			isa = PBXGroup;
			children = (
				398795BA12A21D50D5049851 /* Pods-PGNumberKeyboard.debug.xcconfig */,
				EC96BD18EAAA7A91AA31C6F7 /* Pods-PGNumberKeyboard.release.xcconfig */,
			);
			name = Pods;
			sourceTree = "<group>";
		};
/* End PBXGroup section */

/* Begin PBXNativeTarget section */
		86B80BAA1F06429200D819F3 /* PGNumberKeyboard */ = {
			isa = PBXNativeTarget;
			buildConfigurationList = 86B80BD81F06429200D819F3 /* Build configuration list for PBXNativeTarget "PGNumberKeyboard" */;
			buildPhases = (
				440A9AE8F84AB85FBF76BB11 /* [CP] Check Pods Manifest.lock */,
				86B80BA71F06429200D819F3 /* Sources */,
				86B80BA81F06429200D819F3 /* Frameworks */,
				86B80BA91F06429200D819F3 /* Resources */,
				BC4391BE7D22D6F5E8F5CD51 /* [CP] Embed Pods Frameworks */,
				CEB0D0CFBD3BC0334E555E46 /* [CP] Copy Pods Resources */,
			);
			buildRules = (
			);
			dependencies = (
			);
			name = PGNumberKeyboard;
			productName = PGNumberKeyboard;
			productReference = 86B80BAB1F06429200D819F3 /* PGNumberKeyboard.app */;
			productType = "com.apple.product-type.application";
		};
/* End PBXNativeTarget section */

/* Begin PBXProject section */
		86B80BA31F06429200D819F3 /* Project object */ = {
			isa = PBXProject;
			attributes = {
				LastUpgradeCheck = 0830;
				ORGANIZATIONNAME = piggybear;
				TargetAttributes = {
					86B80BAA1F06429200D819F3 = {
						CreatedOnToolsVersion = 8.3.3;
						DevelopmentTeam = 65MUSRJ8L7;
						ProvisioningStyle = Automatic;
					};
				};
			};
			buildConfigurationList = 86B80BA61F06429200D819F3 /* Build configuration list for PBXProject "PGNumberKeyboard" */;
			compatibilityVersion = "Xcode 3.2";
			developmentRegion = English;
			hasScannedForEncodings = 0;
			knownRegions = (
				en,
				Base,
			);
			mainGroup = 86B80BA21F06429200D819F3;
			productRefGroup = 86B80BAC1F06429200D819F3 /* Products */;
			projectDirPath = "";
			projectRoot = "";
			targets = (
				86B80BAA1F06429200D819F3 /* PGNumberKeyboard */,
			);
		};
/* End PBXProject section */

/* Begin PBXResourcesBuildPhase section */
		86B80BA91F06429200D819F3 /* Resources */ = {
			isa = PBXResourcesBuildPhase;
			buildActionMask = 2147483647;
			files = (
				86B80BBE1F06429200D819F3 /* LaunchScreen.storyboard in Resources */,
				86B80BBB1F06429200D819F3 /* Assets.xcassets in Resources */,
				86B80BB91F06429200D819F3 /* Main.storyboard in Resources */,
			);
			runOnlyForDeploymentPostprocessing = 0;
		};
/* End PBXResourcesBuildPhase section */

/* Begin PBXShellScriptBuildPhase section */
		440A9AE8F84AB85FBF76BB11 /* [CP] Check Pods Manifest.lock */ = {
			isa = PBXShellScriptBuildPhase;
			buildActionMask = 2147483647;
			files = (
			);
			inputPaths = (
			);
			name = "[CP] Check Pods Manifest.lock";
			outputPaths = (
			);
			runOnlyForDeploymentPostprocessing = 0;
			shellPath = /bin/sh;
			shellScript = "diff \"${PODS_PODFILE_DIR_PATH}/Podfile.lock\" \"${PODS_ROOT}/Manifest.lock\" > /dev/null\nif [ $? != 0 ] ; then\n    # print error to STDERR\n    echo \"error: The sandbox is not in sync with the Podfile.lock. Run 'pod install' or update your CocoaPods installation.\" >&2\n    exit 1\nfi\n";
			showEnvVarsInLog = 0;
		};
		BC4391BE7D22D6F5E8F5CD51 /* [CP] Embed Pods Frameworks */ = {
			isa = PBXShellScriptBuildPhase;
			buildActionMask = 2147483647;
			files = (
			);
			inputPaths = (
			);
			name = "[CP] Embed Pods Frameworks";
			outputPaths = (
			);
			runOnlyForDeploymentPostprocessing = 0;
			shellPath = /bin/sh;
			shellScript = "\"${SRCROOT}/Pods/Target Support Files/Pods-PGNumberKeyboard/Pods-PGNumberKeyboard-frameworks.sh\"\n";
			showEnvVarsInLog = 0;
		};
		CEB0D0CFBD3BC0334E555E46 /* [CP] Copy Pods Resources */ = {
			isa = PBXShellScriptBuildPhase;
			buildActionMask = 2147483647;
			files = (
			);
			inputPaths = (
			);
			name = "[CP] Copy Pods Resources";
			outputPaths = (
			);
			runOnlyForDeploymentPostprocessing = 0;
			shellPath = /bin/sh;
			shellScript = "\"${SRCROOT}/Pods/Target Support Files/Pods-PGNumberKeyboard/Pods-PGNumberKeyboard-resources.sh\"\n";
			showEnvVarsInLog = 0;
		};
/* End PBXShellScriptBuildPhase section */

/* Begin PBXSourcesBuildPhase section */
		86B80BA71F06429200D819F3 /* Sources */ = {
			isa = PBXSourcesBuildPhase;
			buildActionMask = 2147483647;
			files = (
				86B80BF51F06434200D819F3 /* UIColor+Random.m in Sources */,
				86B80BB61F06429200D819F3 /* ViewController.m in Sources */,
				86B80BB31F06429200D819F3 /* AppDelegate.m in Sources */,
				86B80BB01F06429200D819F3 /* main.m in Sources */,
			);
			runOnlyForDeploymentPostprocessing = 0;
		};
/* End PBXSourcesBuildPhase section */

/* Begin PBXVariantGroup section */
		86B80BB71F06429200D819F3 /* Main.storyboard */ = {
			isa = PBXVariantGroup;
			children = (
				86B80BB81F06429200D819F3 /* Base */,
			);
			name = Main.storyboard;
			sourceTree = "<group>";
		};
		86B80BBC1F06429200D819F3 /* LaunchScreen.storyboard */ = {
			isa = PBXVariantGroup;
			children = (
				86B80BBD1F06429200D819F3 /* Base */,
			);
			name = LaunchScreen.storyboard;
			sourceTree = "<group>";
		};
/* End PBXVariantGroup section */

/* Begin XCBuildConfiguration section */
		86B80BD61F06429200D819F3 /* Debug */ = {
			isa = XCBuildConfiguration;
			buildSettings = {
				ALWAYS_SEARCH_USER_PATHS = NO;
				CLANG_ANALYZER_NONNULL = YES;
				CLANG_ANALYZER_NUMBER_OBJECT_CONVERSION = YES_AGGRESSIVE;
				CLANG_CXX_LANGUAGE_STANDARD = "gnu++0x";
				CLANG_CXX_LIBRARY = "libc++";
				CLANG_ENABLE_MODULES = YES;
				CLANG_ENABLE_OBJC_ARC = YES;
				CLANG_WARN_BOOL_CONVERSION = YES;
				CLANG_WARN_CONSTANT_CONVERSION = YES;
				CLANG_WARN_DIRECT_OBJC_ISA_USAGE = YES_ERROR;
				CLANG_WARN_DOCUMENTATION_COMMENTS = YES;
				CLANG_WARN_EMPTY_BODY = YES;
				CLANG_WARN_ENUM_CONVERSION = YES;
				CLANG_WARN_INFINITE_RECURSION = YES;
				CLANG_WARN_INT_CONVERSION = YES;
				CLANG_WARN_OBJC_ROOT_CLASS = YES_ERROR;
				CLANG_WARN_SUSPICIOUS_MOVE = YES;
				CLANG_WARN_UNREACHABLE_CODE = YES;
				CLANG_WARN__DUPLICATE_METHOD_MATCH = YES;
				"CODE_SIGN_IDENTITY[sdk=iphoneos*]" = "iPhone Developer";
				COPY_PHASE_STRIP = NO;
				DEBUG_INFORMATION_FORMAT = dwarf;
				ENABLE_STRICT_OBJC_MSGSEND = YES;
				ENABLE_TESTABILITY = YES;
				GCC_C_LANGUAGE_STANDARD = gnu99;
				GCC_DYNAMIC_NO_PIC = NO;
				GCC_NO_COMMON_BLOCKS = YES;
				GCC_OPTIMIZATION_LEVEL = 0;
				GCC_PREPROCESSOR_DEFINITIONS = (
					"DEBUG=1",
					"$(inherited)",
				);
				GCC_WARN_64_TO_32_BIT_CONVERSION = YES;
				GCC_WARN_ABOUT_RETURN_TYPE = YES_ERROR;
				GCC_WARN_UNDECLARED_SELECTOR = YES;
				GCC_WARN_UNINITIALIZED_AUTOS = YES_AGGRESSIVE;
				GCC_WARN_UNUSED_FUNCTION = YES;
				GCC_WARN_UNUSED_VARIABLE = YES;
				IPHONEOS_DEPLOYMENT_TARGET = 10.3;
				MTL_ENABLE_DEBUG_INFO = YES;
				ONLY_ACTIVE_ARCH = YES;
				SDKROOT = iphoneos;
			};
			name = Debug;
		};
		86B80BD71F06429200D819F3 /* Release */ = {
			isa = XCBuildConfiguration;
			buildSettings = {
				ALWAYS_SEARCH_USER_PATHS = NO;
				CLANG_ANALYZER_NONNULL = YES;
				CLANG_ANALYZER_NUMBER_OBJECT_CONVERSION = YES_AGGRESSIVE;
				CLANG_CXX_LANGUAGE_STANDARD = "gnu++0x";
				CLANG_CXX_LIBRARY = "libc++";
				CLANG_ENABLE_MODULES = YES;
				CLANG_ENABLE_OBJC_ARC = YES;
				CLANG_WARN_BOOL_CONVERSION = YES;
				CLANG_WARN_CONSTANT_CONVERSION = YES;
				CLANG_WARN_DIRECT_OBJC_ISA_USAGE = YES_ERROR;
				CLANG_WARN_DOCUMENTATION_COMMENTS = YES;
				CLANG_WARN_EMPTY_BODY = YES;
				CLANG_WARN_ENUM_CONVERSION = YES;
				CLANG_WARN_INFINITE_RECURSION = YES;
				CLANG_WARN_INT_CONVERSION = YES;
				CLANG_WARN_OBJC_ROOT_CLASS = YES_ERROR;
				CLANG_WARN_SUSPICIOUS_MOVE = YES;
				CLANG_WARN_UNREACHABLE_CODE = YES;
				CLANG_WARN__DUPLICATE_METHOD_MATCH = YES;
				"CODE_SIGN_IDENTITY[sdk=iphoneos*]" = "iPhone Developer";
				COPY_PHASE_STRIP = NO;
				DEBUG_INFORMATION_FORMAT = "dwarf-with-dsym";
				ENABLE_NS_ASSERTIONS = NO;
				ENABLE_STRICT_OBJC_MSGSEND = YES;
				GCC_C_LANGUAGE_STANDARD = gnu99;
				GCC_NO_COMMON_BLOCKS = YES;
				GCC_WARN_64_TO_32_BIT_CONVERSION = YES;
				GCC_WARN_ABOUT_RETURN_TYPE = YES_ERROR;
				GCC_WARN_UNDECLARED_SELECTOR = YES;
				GCC_WARN_UNINITIALIZED_AUTOS = YES_AGGRESSIVE;
				GCC_WARN_UNUSED_FUNCTION = YES;
				GCC_WARN_UNUSED_VARIABLE = YES;
				IPHONEOS_DEPLOYMENT_TARGET = 10.3;
				MTL_ENABLE_DEBUG_INFO = NO;
				SDKROOT = iphoneos;
				VALIDATE_PRODUCT = YES;
			};
			name = Release;
		};
		86B80BD91F06429200D819F3 /* Debug */ = {
			isa = XCBuildConfiguration;
			baseConfigurationReference = 398795BA12A21D50D5049851 /* Pods-PGNumberKeyboard.debug.xcconfig */;
			buildSettings = {
				ASSETCATALOG_COMPILER_APPICON_NAME = AppIcon;
				DEVELOPMENT_TEAM = 65MUSRJ8L7;
				INFOPLIST_FILE = PGNumberKeyboard/Info.plist;
				LD_RUNPATH_SEARCH_PATHS = "$(inherited) @executable_path/Frameworks";
				PRODUCT_BUNDLE_IDENTIFIER = com.piggybear.PGNumberKeyboard;
				PRODUCT_NAME = "$(TARGET_NAME)";
			};
			name = Debug;
		};
		86B80BDA1F06429200D819F3 /* Release */ = {
			isa = XCBuildConfiguration;
			baseConfigurationReference = EC96BD18EAAA7A91AA31C6F7 /* Pods-PGNumberKeyboard.release.xcconfig */;
			buildSettings = {
				ASSETCATALOG_COMPILER_APPICON_NAME = AppIcon;
				DEVELOPMENT_TEAM = 65MUSRJ8L7;
				INFOPLIST_FILE = PGNumberKeyboard/Info.plist;
				LD_RUNPATH_SEARCH_PATHS = "$(inherited) @executable_path/Frameworks";
				PRODUCT_BUNDLE_IDENTIFIER = com.piggybear.PGNumberKeyboard;
				PRODUCT_NAME = "$(TARGET_NAME)";
			};
			name = Release;
		};
/* End XCBuildConfiguration section */

/* Begin XCConfigurationList section */
		86B80BA61F06429200D819F3 /* Build configuration list for PBXProject "PGNumberKeyboard" */ = {
			isa = XCConfigurationList;
			buildConfigurations = (
				86B80BD61F06429200D819F3 /* Debug */,
				86B80BD71F06429200D819F3 /* Release */,
			);
			defaultConfigurationIsVisible = 0;
			defaultConfigurationName = Release;
		};
		86B80BD81F06429200D819F3 /* Build configuration list for PBXNativeTarget "PGNumberKeyboard" */ = {
			isa = XCConfigurationList;
			buildConfigurations = (
				86B80BD91F06429200D819F3 /* Debug */,
				86B80BDA1F06429200D819F3 /* Release */,
			);
			defaultConfigurationIsVisible = 0;
			defaultConfigurationName = Release;
		};
/* End XCConfigurationList section */
	};
	rootObject = 86B80BA31F06429200D819F3 /* Project object */;
}
